[["version","2"]]
["","git-sha",["https://github.com/containernetworking/plugins","refs/tags/v1.9.0"],"9b3772e1a7abf93cbb7c6526a28bc0d27b830e02"]
["","git-sha",["https://github.com/libfuse/sshfs.git","refs/tags/sshfs-3.7.6"],"7a2d988775446ebe7af9b01c99b3b8e86bddb05a"]
["","git-sha",["https://github.com/opencontainers/runc","refs/tags/v1.4.2"],"c241c0bb5e60a8e8c1b2e53d4eca8d0068d8d57e"]
["","oci-sha",["docker.io/library/alpine:3.22"],"sha256:14358309a308569c32bdc37e2e0e9694be33a9d99e68afb0f5ff33cc1f695dce"]
["","oci-sha",["docker.io/library/golang:1.25-alpine"],"sha256:1ae0735f00daffa3aaf1363a5184c0d2dc55c78e3db4ec70241cdac97bf84b59"]
["","oci-sha",["docker.io/library/golang:1.26-alpine"],"sha256:28d89ee9cc0ff9fec75c82ca201e6bf7fdf9a679d4b7b24dfa04f2bb766bb468"]
["","oci-sha",["docker.io/library/node:22-alpine"],"sha256:c610fcdfb1d5b4740dd70c284ed3cb16bb857e0f7166196e36a5501df7a3aa32"]
["","oci-sha",["docker.io/tonistiigi/xx:1.2.1"],"sha256:8879a398dedf0aadaacfbd332b29ff2f84bc39ae6d4e9c0a1109db27ac5ba012"]
