# Generated by Dagger. Pins the images and git refs this workspace uses.
# Any Dagger command may update this file; always commit it with your changes.
# Run `dagger workspace update` to refresh the pinned versions.
[["version","2"]]
["","git-latest",["github.com/dagger/sdk-helpers"],"refs/tags/v1.0.2",[["version","v1"]]]
["","git-sha",["github.com/dagger/sdk-helpers","refs/tags/v1.0.2"],"e5e38a5f0778c5a804931d95e5d0d9953668049a"]
["","oci-sha",["docker.io/library/golang:1.25-alpine"],"sha256:1ae0735f00daffa3aaf1363a5184c0d2dc55c78e3db4ec70241cdac97bf84b59"]
["","vanity-url",["https://dagger.io/sdk/helpers"],"https://github.com/dagger/sdk-helpers"]